Microsoft Visual Studio Solution File, Format Version 12.00
# Visual Studio 2012
Project("{FAE04EC0-301F-11D3-BF4B-00C04F79EFBC}") = "ProceduralGenerationDemos", "ProceduralGenerationDemos.csproj", "{911E8385-F660-4C1A-A7A0-54C29BE0F640}"
EndProject
Global
	GlobalSection(SolutionConfigurationPlatforms) = preSolution
	Debug|Any CPU = Debug|Any CPU
	ExportDebug|Any CPU = ExportDebug|Any CPU
	ExportRelease|Any CPU = ExportRelease|Any CPU
	EndGlobalSection
	GlobalSection(ProjectConfigurationPlatforms) = postSolution
		{911E8385-F660-4C1A-A7A0-54C29BE0F640}.Debug|Any CPU.ActiveCfg = Debug|Any CPU
		{911E8385-F660-4C1A-A7A0-54C29BE0F640}.Debug|Any CPU.Build.0 = Debug|Any CPU
		{911E8385-F660-4C1A-A7A0-54C29BE0F640}.ExportDebug|Any CPU.ActiveCfg = ExportDebug|Any CPU
		{911E8385-F660-4C1A-A7A0-54C29BE0F640}.ExportDebug|Any CPU.Build.0 = ExportDebug|Any CPU
		{911E8385-F660-4C1A-A7A0-54C29BE0F640}.ExportRelease|Any CPU.ActiveCfg = ExportRelease|Any CPU
		{911E8385-F660-4C1A-A7A0-54C29BE0F640}.ExportRelease|Any CPU.Build.0 = ExportRelease|Any CPU
	EndGlobalSection
EndGlobal
